
Microsoft Visual Studio Solution File, Format Version 12.00
# Visual Studio 2015
Project("{FAE04EC0-301F-11D3-BF4B-00C04F79EFBC}") = "VI.CSharp", "VI.CSharp.csproj", "{A6710183-57E8-A0D6-7AB6-8B9C9C49D729}"
EndProject
Global
	GlobalSection(SolutionConfigurationPlatforms) = preSolution
		Debug|Any CPU = Debug|Any CPU
		Release|Any CPU = Release|Any CPU
	EndGlobalSection
	GlobalSection(ProjectConfigurationPlatforms) = postSolution
		{A6710183-57E8-A0D6-7AB6-8B9C9C49D729}.Debug|Any CPU.ActiveCfg = Debug|Any CPU
		{A6710183-57E8-A0D6-7AB6-8B9C9C49D729}.Debug|Any CPU.Build.0 = Debug|Any CPU
		{A6710183-57E8-A0D6-7AB6-8B9C9C49D729}.Release|Any CPU.ActiveCfg = Release|Any CPU
		{A6710183-57E8-A0D6-7AB6-8B9C9C49D729}.Release|Any CPU.Build.0 = Release|Any CPU
	EndGlobalSection
	GlobalSection(SolutionProperties) = preSolution
		HideSolutionNode = FALSE
	EndGlobalSection
EndGlobal
